
Microsoft Visual Studio Solution File, Format Version 12.00
# Visual Studio Version 16
VisualStudioVersion = 16.0.29326.143
MinimumVisualStudioVersion = 10.0.40219.1
Project("{FAE04EC0-301F-11D3-BF4B-00C04F79EFBC}") = "EstructuraDeDatos", "EstructuraDeDatos\EstructuraDeDatos.csproj", "{52B8F6AA-1EF4-466B-A4B5-55A84A90294E}"
EndProject
Global
	GlobalSection(SolutionConfigurationPlatforms) = preSolution
		Debug|Any CPU = Debug|Any CPU
		Release|Any CPU = Release|Any CPU
	EndGlobalSection
	GlobalSection(ProjectConfigurationPlatforms) = postSolution
		{52B8F6AA-1EF4-466B-A4B5-55A84A90294E}.Debug|Any CPU.ActiveCfg = Debug|Any CPU
		{52B8F6AA-1EF4-466B-A4B5-55A84A90294E}.Debug|Any CPU.Build.0 = Debug|Any CPU
		{52B8F6AA-1EF4-466B-A4B5-55A84A90294E}.Release|Any CPU.ActiveCfg = Release|Any CPU
		{52B8F6AA-1EF4-466B-A4B5-55A84A90294E}.Release|Any CPU.Build.0 = Release|Any CPU
	EndGlobalSection
	GlobalSection(SolutionProperties) = preSolution
		HideSolutionNode = FALSE
	EndGlobalSection
	GlobalSection(ExtensibilityGlobals) = postSolution
		SolutionGuid = {5C164E51-715D-47C6-AEB8-4E0DC0E706E5}
	EndGlobalSection
EndGlobal
